
Microsoft Visual Studio Solution File, Format Version 12.00
# Visual Studio Version 17
VisualStudioVersion = 17.4.33103.184
MinimumVisualStudioVersion = 10.0.40219.1
Project("{9A19103F-16F7-4668-BE54-9A1E7A4F7556}") = "HeavyTracks", "HeavyTracks\HeavyTracks.csproj", "{EFAFD0E0-5D09-49CB-A8DD-A6E10AA7F608}"
EndProject
Project("{9A19103F-16F7-4668-BE54-9A1E7A4F7556}") = "TEST", "TEST\TEST.csproj", "{DF00D341-B147-4ADE-9C24-5429A5909197}"
EndProject
Global
	GlobalSection(SolutionConfigurationPlatforms) = preSolution
		Debug|Any CPU = Debug|Any CPU
		Release|Any CPU = Release|Any CPU
	EndGlobalSection
	GlobalSection(ProjectConfigurationPlatforms) = postSolution
		{EFAFD0E0-5D09-49CB-A8DD-A6E10AA7F608}.Debug|Any CPU.ActiveCfg = Debug|Any CPU
		{EFAFD0E0-5D09-49CB-A8DD-A6E10AA7F608}.Debug|Any CPU.Build.0 = Debug|Any CPU
		{EFAFD0E0-5D09-49CB-A8DD-A6E10AA7F608}.Release|Any CPU.ActiveCfg = Release|Any CPU
		{EFAFD0E0-5D09-49CB-A8DD-A6E10AA7F608}.Release|Any CPU.Build.0 = Release|Any CPU
		{DF00D341-B147-4ADE-9C24-5429A5909197}.Debug|Any CPU.ActiveCfg = Debug|Any CPU
		{DF00D341-B147-4ADE-9C24-5429A5909197}.Debug|Any CPU.Build.0 = Debug|Any CPU
		{DF00D341-B147-4ADE-9C24-5429A5909197}.Release|Any CPU.ActiveCfg = Release|Any CPU
		{DF00D341-B147-4ADE-9C24-5429A5909197}.Release|Any CPU.Build.0 = Release|Any CPU
	EndGlobalSection
	GlobalSection(SolutionProperties) = preSolution
		HideSolutionNode = FALSE
	EndGlobalSection
	GlobalSection(ExtensibilityGlobals) = postSolution
		SolutionGuid = {9F266930-454A-4E96-B562-5ACDC74E7E59}
	EndGlobalSection
EndGlobal
